
Microsoft Visual Studio Solution File, Format Version 12.00
# Visual Studio Version 17
VisualStudioVersion = 17.9.34616.47
MinimumVisualStudioVersion = 10.0.40219.1
Project("{FAE04EC0-301F-11D3-BF4B-00C04F79EFBC}") = "ASP_FirstDbConnect", "ASP_FirstDbConnect.csproj", "{DBAB1A4D-CC9B-4367-A0BC-64925D7D4509}"
EndProject
Global
	GlobalSection(SolutionConfigurationPlatforms) = preSolution
		Debug|Any CPU = Debug|Any CPU
		Release|Any CPU = Release|Any CPU
	EndGlobalSection
	GlobalSection(ProjectConfigurationPlatforms) = postSolution
		{DBAB1A4D-CC9B-4367-A0BC-64925D7D4509}.Debug|Any CPU.ActiveCfg = Debug|Any CPU
		{DBAB1A4D-CC9B-4367-A0BC-64925D7D4509}.Debug|Any CPU.Build.0 = Debug|Any CPU
		{DBAB1A4D-CC9B-4367-A0BC-64925D7D4509}.Release|Any CPU.ActiveCfg = Release|Any CPU
		{DBAB1A4D-CC9B-4367-A0BC-64925D7D4509}.Release|Any CPU.Build.0 = Release|Any CPU
	EndGlobalSection
	GlobalSection(SolutionProperties) = preSolution
		HideSolutionNode = FALSE
	EndGlobalSection
	GlobalSection(ExtensibilityGlobals) = postSolution
		SolutionGuid = {1B1C255F-29A9-4BF0-AFD2-40EA182C676C}
	EndGlobalSection
EndGlobal
