
Microsoft Visual Studio Solution File, Format Version 12.00
# Visual Studio Version 17
VisualStudioVersion = 17.9.34701.34
MinimumVisualStudioVersion = 10.0.40219.1
Project("{FAE04EC0-301F-11D3-BF4B-00C04F79EFBC}") = "ProjAfonsoProd", "ProjAfonsoProd.csproj", "{2D01D525-0B58-4943-A88F-82168A8E9185}"
EndProject
Global
	GlobalSection(SolutionConfigurationPlatforms) = preSolution
		Debug|Any CPU = Debug|Any CPU
		Release|Any CPU = Release|Any CPU
	EndGlobalSection
	GlobalSection(ProjectConfigurationPlatforms) = postSolution
		{2D01D525-0B58-4943-A88F-82168A8E9185}.Debug|Any CPU.ActiveCfg = Debug|Any CPU
		{2D01D525-0B58-4943-A88F-82168A8E9185}.Debug|Any CPU.Build.0 = Debug|Any CPU
		{2D01D525-0B58-4943-A88F-82168A8E9185}.Release|Any CPU.ActiveCfg = Release|Any CPU
		{2D01D525-0B58-4943-A88F-82168A8E9185}.Release|Any CPU.Build.0 = Release|Any CPU
	EndGlobalSection
	GlobalSection(SolutionProperties) = preSolution
		HideSolutionNode = FALSE
	EndGlobalSection
	GlobalSection(ExtensibilityGlobals) = postSolution
		SolutionGuid = {3EEE82A2-2553-433D-92AE-CA400CE1AE49}
	EndGlobalSection
EndGlobal
