
Microsoft Visual Studio Solution File, Format Version 12.00
# Visual Studio Version 17
VisualStudioVersion = 17.9.34616.47
MinimumVisualStudioVersion = 10.0.40219.1
Project("{FAE04EC0-301F-11D3-BF4B-00C04F79EFBC}") = "FIRST_ASP_PROJECT", "FIRST_ASP_PROJECT.csproj", "{90B49D8E-4C86-43FA-872B-D56523E0D49A}"
EndProject
Global
	GlobalSection(SolutionConfigurationPlatforms) = preSolution
		Debug|Any CPU = Debug|Any CPU
		Release|Any CPU = Release|Any CPU
	EndGlobalSection
	GlobalSection(ProjectConfigurationPlatforms) = postSolution
		{90B49D8E-4C86-43FA-872B-D56523E0D49A}.Debug|Any CPU.ActiveCfg = Debug|Any CPU
		{90B49D8E-4C86-43FA-872B-D56523E0D49A}.Debug|Any CPU.Build.0 = Debug|Any CPU
		{90B49D8E-4C86-43FA-872B-D56523E0D49A}.Release|Any CPU.ActiveCfg = Release|Any CPU
		{90B49D8E-4C86-43FA-872B-D56523E0D49A}.Release|Any CPU.Build.0 = Release|Any CPU
	EndGlobalSection
	GlobalSection(SolutionProperties) = preSolution
		HideSolutionNode = FALSE
	EndGlobalSection
	GlobalSection(ExtensibilityGlobals) = postSolution
		SolutionGuid = {CEC359F8-A38F-4569-8B92-AD4965B91355}
	EndGlobalSection
EndGlobal
