
Microsoft Visual Studio Solution File, Format Version 12.00
# Visual Studio Version 17
VisualStudioVersion = 17.9.34616.47
MinimumVisualStudioVersion = 10.0.40219.1
Project("{FAE04EC0-301F-11D3-BF4B-00C04F79EFBC}") = "ASP_StyleExercises", "ASP_StyleExercises.csproj", "{E7726837-3E50-4F24-9D75-16988E423890}"
EndProject
Global
	GlobalSection(SolutionConfigurationPlatforms) = preSolution
		Debug|Any CPU = Debug|Any CPU
		Release|Any CPU = Release|Any CPU
	EndGlobalSection
	GlobalSection(ProjectConfigurationPlatforms) = postSolution
		{E7726837-3E50-4F24-9D75-16988E423890}.Debug|Any CPU.ActiveCfg = Debug|Any CPU
		{E7726837-3E50-4F24-9D75-16988E423890}.Debug|Any CPU.Build.0 = Debug|Any CPU
		{E7726837-3E50-4F24-9D75-16988E423890}.Release|Any CPU.ActiveCfg = Release|Any CPU
		{E7726837-3E50-4F24-9D75-16988E423890}.Release|Any CPU.Build.0 = Release|Any CPU
	EndGlobalSection
	GlobalSection(SolutionProperties) = preSolution
		HideSolutionNode = FALSE
	EndGlobalSection
	GlobalSection(ExtensibilityGlobals) = postSolution
		SolutionGuid = {8656C107-B5BC-4D46-8847-E1402BCF96A1}
	EndGlobalSection
EndGlobal
